// !$*UTF8*$!
{
	archiveVersion = 1;
	classes = {
	};
	objectVersion = 77;
	objects = {

/* Begin PBXBuildFile section */
		093E36147522819709DAF71E /* MazeView.swift in Sources */ = {isa = PBXBuildFile; fileRef = 187FE2834CE739D4B77E97DB /* MazeView.swift */; };
		533DFF04BC90C389D073D95E /* TiltMazeApp.swift in Sources */ = {isa = PBXBuildFile; fileRef = 53145E32134A66F613262156 /* TiltMazeApp.swift */; };
		6183EF6595044F6263A62981 /* MazeGameView.swift in Sources */ = {isa = PBXBuildFile; fileRef = 0A0D1D6552129AF76B03C699 /* MazeGameView.swift */; };
		7D3AA486AF57B530DD6F9BFC /* GameState.swift in Sources */ = {isa = PBXBuildFile; fileRef = 0AF9B25616D9D6F893ECFEE0 /* GameState.swift */; };
		EA81283C4D6DCBCC95718F12 /* MazeGenerator.swift in Sources */ = {isa = PBXBuildFile; fileRef = 134F4C58962B32A413F56E82 /* MazeGenerator.swift */; };
/* End PBXBuildFile section */

/* Begin PBXFileReference section */
		0A0D1D6552129AF76B03C699 /* MazeGameView.swift */ = {isa = PBXFileReference; lastKnownFileType = sourcecode.swift; path = MazeGameView.swift; sourceTree = "<group>"; };
		0AF9B25616D9D6F893ECFEE0 /* GameState.swift */ = {isa = PBXFileReference; lastKnownFileType = sourcecode.swift; path = GameState.swift; sourceTree = "<group>"; };
		0B3366A4500DE042268B672B /* TiltMaze.app */ = {isa = PBXFileReference; includeInIndex = 0; lastKnownFileType = wrapper.application; path = TiltMaze.app; sourceTree = BUILT_PRODUCTS_DIR; };
		134F4C58962B32A413F56E82 /* MazeGenerator.swift */ = {isa = PBXFileReference; lastKnownFileType = sourcecode.swift; path = MazeGenerator.swift; sourceTree = "<group>"; };
		187FE2834CE739D4B77E97DB /* MazeView.swift */ = {isa = PBXFileReference; lastKnownFileType = sourcecode.swift; path = MazeView.swift; sourceTree = "<group>"; };
		53145E32134A66F613262156 /* TiltMazeApp.swift */ = {isa = PBXFileReference; lastKnownFileType = sourcecode.swift; path = TiltMazeApp.swift; sourceTree = "<group>"; };
/* End PBXFileReference section */

/* Begin PBXGroup section */
		1B35099A44F0551048ACD451 /* TiltMaze */ = {
			isa = PBXGroup;
			children = (
				53145E32134A66F613262156 /* TiltMazeApp.swift */,
				36B1EC408A272E9E423C4723 /* Models */,
				D38F2438E2ED85475D3E0229 /* Views */,
			);
			path = TiltMaze;
			sourceTree = "<group>";
		};
		36B1EC408A272E9E423C4723 /* Models */ = {
			isa = PBXGroup;
			children = (
				0AF9B25616D9D6F893ECFEE0 /* GameState.swift */,
				134F4C58962B32A413F56E82 /* MazeGenerator.swift */,
			);
			path = Models;
			sourceTree = "<group>";
		};
		5A573F4E38291A248272057F /* Products */ = {
			isa = PBXGroup;
			children = (
				0B3366A4500DE042268B672B /* TiltMaze.app */,
			);
			name = Products;
			sourceTree = "<group>";
		};
		C4983E41B5861C9B76DD5AB8 = {
			isa = PBXGroup;
			children = (
				1B35099A44F0551048ACD451 /* TiltMaze */,
				5A573F4E38291A248272057F /* Products */,
			);
			sourceTree = "<group>";
		};
		D38F2438E2ED85475D3E0229 /* Views */ = {
			isa = PBXGroup;
			children = (
				0A0D1D6552129AF76B03C699 /* MazeGameView.swift */,
				187FE2834CE739D4B77E97DB /* MazeView.swift */,
			);
			path = Views;
			sourceTree = "<group>";
		};
/* End PBXGroup section */

/* Begin PBXNativeTarget section */
		737333D1D9E5B1AD520D48FD /* TiltMaze */ = {
			isa = PBXNativeTarget;
			buildConfigurationList = D580725AF2599A95E62CE080 /* Build configuration list for PBXNativeTarget "TiltMaze" */;
			buildPhases = (
				2AD2041AB731DE2FD1FB23DD /* Sources */,
			);
			buildRules = (
			);
			dependencies = (
			);
			name = TiltMaze;
			packageProductDependencies = (
			);
			productName = TiltMaze;
			productReference = 0B3366A4500DE042268B672B /* TiltMaze.app */;
			productType = "com.apple.product-type.application";
		};
/* End PBXNativeTarget section */

/* Begin PBXProject section */
		E3C675B7A1A4731F3FF05E29 /* Project object */ = {
			isa = PBXProject;
			attributes = {
				BuildIndependentTargetsInParallel = YES;
				LastUpgradeCheck = 1500;
				TargetAttributes = {
					737333D1D9E5B1AD520D48FD = {
						DevelopmentTeam = QKPHPT3K9N;
					};
				};
			};
			buildConfigurationList = 5FC6152EE4022126C36DD77C /* Build configuration list for PBXProject "TiltMaze" */;
			compatibilityVersion = "Xcode 14.0";
			developmentRegion = en;
			hasScannedForEncodings = 0;
			knownRegions = (
				Base,
				en,
			);
			mainGroup = C4983E41B5861C9B76DD5AB8;
			minimizedProjectReferenceProxies = 1;
			preferredProjectObjectVersion = 77;
			projectDirPath = "";
			projectRoot = "";
			targets = (
				737333D1D9E5B1AD520D48FD /* TiltMaze */,
			);
		};
/* End PBXProject section */

/* Begin PBXSourcesBuildPhase section */
		2AD2041AB731DE2FD1FB23DD /* Sources */ = {
			isa = PBXSourcesBuildPhase;
			buildActionMask = 2147483647;
			files = (
				7D3AA486AF57B530DD6F9BFC /* GameState.swift in Sources */,
				6183EF6595044F6263A62981 /* MazeGameView.swift in Sources */,
				EA81283C4D6DCBCC95718F12 /* MazeGenerator.swift in Sources */,
				093E36147522819709DAF71E /* MazeView.swift in Sources */,
				533DFF04BC90C389D073D95E /* TiltMazeApp.swift in Sources */,
			);
			runOnlyForDeploymentPostprocessing = 0;
		};
/* End PBXSourcesBuildPhase section */

/* Begin XCBuildConfiguration section */
		A860E51C8A8E77E0BF9A9BFE /* Release */ = {
			isa = XCBuildConfiguration;
			buildSettings = {
				ALWAYS_SEARCH_USER_PATHS = NO;
				CLANG_ANALYZER_NONNULL = YES;
				CLANG_ANALYZER_NUMBER_OBJECT_CONVERSION = YES_AGGRESSIVE;
				CLANG_CXX_LANGUAGE_STANDARD = "gnu++14";
				CLANG_CXX_LIBRARY = "libc++";
				CLANG_ENABLE_MODULES = YES;
				CLANG_ENABLE_OBJC_ARC = YES;
				CLANG_ENABLE_OBJC_WEAK = YES;
				CLANG_WARN_BLOCK_CAPTURE_AUTORELEASING = YES;
				CLANG_WARN_BOOL_CONVERSION = YES;
				CLANG_WARN_COMMA = YES;
				CLANG_WARN_CONSTANT_CONVERSION = YES;
				CLANG_WARN_DEPRECATED_OBJC_IMPLEMENTATIONS = YES;
				CLANG_WARN_DIRECT_OBJC_ISA_USAGE = YES_ERROR;
				CLANG_WARN_DOCUMENTATION_COMMENTS = YES;
				CLANG_WARN_EMPTY_BODY = YES;
				CLANG_WARN_ENUM_CONVERSION = YES;
				CLANG_WARN_INFINITE_RECURSION = YES;
				CLANG_WARN_INT_CONVERSION = YES;
				CLANG_WARN_NON_LITERAL_NULL_CONVERSION = YES;
				CLANG_WARN_OBJC_IMPLICIT_RETAIN_SELF = YES;
				CLANG_WARN_OBJC_LITERAL_CONVERSION = YES;
				CLANG_WARN_OBJC_ROOT_CLASS = YES_ERROR;
				CLANG_WARN_QUOTED_INCLUDE_IN_FRAMEWORK_HEADER = YES;
				CLANG_WARN_RANGE_LOOP_ANALYSIS = YES;
				CLANG_WARN_STRICT_PROTOTYPES = YES;
				CLANG_WARN_SUSPICIOUS_MOVE = YES;
				CLANG_WARN_UNGUARDED_AVAILABILITY = YES_AGGRESSIVE;
				CLANG_WARN_UNREACHABLE_CODE = YES;
				CLANG_WARN__DUPLICATE_METHOD_MATCH = YES;
				COPY_PHASE_STRIP = NO;
				DEBUG_INFORMATION_FORMAT = "dwarf-with-dsym";
				ENABLE_NS_ASSERTIONS = NO;
				ENABLE_STRICT_OBJC_MSGSEND = YES;
				GCC_C_LANGUAGE_STANDARD = gnu11;
				GCC_NO_COMMON_BLOCKS = YES;
				GCC_WARN_64_TO_32_BIT_CONVERSION = YES;
				GCC_WARN_ABOUT_RETURN_TYPE = YES_ERROR;
				GCC_WARN_UNDECLARED_SELECTOR = YES;
				GCC_WARN_UNINITIALIZED_AUTOS = YES_AGGRESSIVE;
				GCC_WARN_UNUSED_FUNCTION = YES;
				GCC_WARN_UNUSED_VARIABLE = YES;
				IPHONEOS_DEPLOYMENT_TARGET = 17.0;
				MTL_ENABLE_DEBUG_INFO = NO;
				MTL_FAST_MATH = YES;
				PRODUCT_NAME = "$(TARGET_NAME)";
				SDKROOT = iphoneos;
				SWIFT_COMPILATION_MODE = wholemodule;
				SWIFT_OPTIMIZATION_LEVEL = "-O";
				SWIFT_VERSION = 5.0;
			};
			name = Release;
		};
		A95F19E2C64EF45E278C7B8A /* Debug */ = {
			isa = XCBuildConfiguration;
			buildSettings = {
				ALWAYS_SEARCH_USER_PATHS = NO;
				CLANG_ANALYZER_NONNULL = YES;
				CLANG_ANALYZER_NUMBER_OBJECT_CONVERSION = YES_AGGRESSIVE;
				CLANG_CXX_LANGUAGE_STANDARD = "gnu++14";
				CLANG_CXX_LIBRARY = "libc++";
				CLANG_ENABLE_MODULES = YES;
				CLANG_ENABLE_OBJC_ARC = YES;
				CLANG_ENABLE_OBJC_WEAK = YES;
				CLANG_WARN_BLOCK_CAPTURE_AUTORELEASING = YES;
				CLANG_WARN_BOOL_CONVERSION = YES;
				CLANG_WARN_COMMA = YES;
				CLANG_WARN_CONSTANT_CONVERSION = YES;
				CLANG_WARN_DEPRECATED_OBJC_IMPLEMENTATIONS = YES;
				CLANG_WARN_DIRECT_OBJC_ISA_USAGE = YES_ERROR;
				CLANG_WARN_DOCUMENTATION_COMMENTS = YES;
				CLANG_WARN_EMPTY_BODY = YES;
				CLANG_WARN_ENUM_CONVERSION = YES;
				CLANG_WARN_INFINITE_RECURSION = YES;
				CLANG_WARN_INT_CONVERSION = YES;
				CLANG_WARN_NON_LITERAL_NULL_CONVERSION = YES;
				CLANG_WARN_OBJC_IMPLICIT_RETAIN_SELF = YES;
				CLANG_WARN_OBJC_LITERAL_CONVERSION = YES;
				CLANG_WARN_OBJC_ROOT_CLASS = YES_ERROR;
				CLANG_WARN_QUOTED_INCLUDE_IN_FRAMEWORK_HEADER = YES;
				CLANG_WARN_RANGE_LOOP_ANALYSIS = YES;
				CLANG_WARN_STRICT_PROTOTYPES = YES;
				CLANG_WARN_SUSPICIOUS_MOVE = YES;
				CLANG_WARN_UNGUARDED_AVAILABILITY = YES_AGGRESSIVE;
				CLANG_WARN_UNREACHABLE_CODE = YES;
				CLANG_WARN__DUPLICATE_METHOD_MATCH = YES;
				COPY_PHASE_STRIP = NO;
				DEBUG_INFORMATION_FORMAT = dwarf;
				ENABLE_STRICT_OBJC_MSGSEND = YES;
				ENABLE_TESTABILITY = YES;
				GCC_C_LANGUAGE_STANDARD = gnu11;
				GCC_DYNAMIC_NO_PIC = NO;
				GCC_NO_COMMON_BLOCKS = YES;
				GCC_OPTIMIZATION_LEVEL = 0;
				GCC_PREPROCESSOR_DEFINITIONS = (
					"$(inherited)",
					"DEBUG=1",
				);
				GCC_WARN_64_TO_32_BIT_CONVERSION = YES;
				GCC_WARN_ABOUT_RETURN_TYPE = YES_ERROR;
				GCC_WARN_UNDECLARED_SELECTOR = YES;
				GCC_WARN_UNINITIALIZED_AUTOS = YES_AGGRESSIVE;
				GCC_WARN_UNUSED_FUNCTION = YES;
				GCC_WARN_UNUSED_VARIABLE = YES;
				IPHONEOS_DEPLOYMENT_TARGET = 17.0;
				MTL_ENABLE_DEBUG_INFO = INCLUDE_SOURCE;
				MTL_FAST_MATH = YES;
				ONLY_ACTIVE_ARCH = YES;
				PRODUCT_NAME = "$(TARGET_NAME)";
				SDKROOT = iphoneos;
				SWIFT_ACTIVE_COMPILATION_CONDITIONS = DEBUG;
				SWIFT_OPTIMIZATION_LEVEL = "-Onone";
				SWIFT_VERSION = 5.0;
			};
			name = Debug;
		};
		B0A509B6B4DC0EEDE3815775 /* Release */ = {
			isa = XCBuildConfiguration;
			buildSettings = {
				ASSETCATALOG_COMPILER_APPICON_NAME = AppIcon;
				CODE_SIGN_IDENTITY = "iPhone Developer";
				CURRENT_PROJECT_VERSION = 1;
				DEVELOPMENT_TEAM = QKPHPT3K9N;
				GENERATE_INFOPLIST_FILE = YES;
				INFOPLIST_KEY_NSMotionUsageDescription = "TiltMaze uses motion sensors to control the ball";
				INFOPLIST_KEY_UILaunchScreen_Generation = YES;
				INFOPLIST_KEY_UISupportedInterfaceOrientations = UIInterfaceOrientationPortrait;
				LD_RUNPATH_SEARCH_PATHS = (
					"$(inherited)",
					"@executable_path/Frameworks",
				);
				MARKETING_VERSION = 1.0.0;
				PRODUCT_BUNDLE_IDENTIFIER = com.tiltmaze.app;
				SDKROOT = iphoneos;
				SWIFT_VERSION = 5.9;
				TARGETED_DEVICE_FAMILY = "1,2";
			};
			name = Release;
		};
		F37048C7AFAA1D8EC54B0494 /* Debug */ = {
			isa = XCBuildConfiguration;
			buildSettings = {
				ASSETCATALOG_COMPILER_APPICON_NAME = AppIcon;
				CODE_SIGN_IDENTITY = "iPhone Developer";
				CURRENT_PROJECT_VERSION = 1;
				DEVELOPMENT_TEAM = QKPHPT3K9N;
				GENERATE_INFOPLIST_FILE = YES;
				INFOPLIST_KEY_NSMotionUsageDescription = "TiltMaze uses motion sensors to control the ball";
				INFOPLIST_KEY_UILaunchScreen_Generation = YES;
				INFOPLIST_KEY_UISupportedInterfaceOrientations = UIInterfaceOrientationPortrait;
				LD_RUNPATH_SEARCH_PATHS = (
					"$(inherited)",
					"@executable_path/Frameworks",
				);
				MARKETING_VERSION = 1.0.0;
				PRODUCT_BUNDLE_IDENTIFIER = com.tiltmaze.app;
				SDKROOT = iphoneos;
				SWIFT_VERSION = 5.9;
				TARGETED_DEVICE_FAMILY = "1,2";
			};
			name = Debug;
		};
/* End XCBuildConfiguration section */

/* Begin XCConfigurationList section */
		5FC6152EE4022126C36DD77C /* Build configuration list for PBXProject "TiltMaze" */ = {
			isa = XCConfigurationList;
			buildConfigurations = (
				A95F19E2C64EF45E278C7B8A /* Debug */,
				A860E51C8A8E77E0BF9A9BFE /* Release */,
			);
			defaultConfigurationIsVisible = 0;
			defaultConfigurationName = Debug;
		};
		D580725AF2599A95E62CE080 /* Build configuration list for PBXNativeTarget "TiltMaze" */ = {
			isa = XCConfigurationList;
			buildConfigurations = (
				F37048C7AFAA1D8EC54B0494 /* Debug */,
				B0A509B6B4DC0EEDE3815775 /* Release */,
			);
			defaultConfigurationIsVisible = 0;
			defaultConfigurationName = Debug;
		};
/* End XCConfigurationList section */
	};
	rootObject = E3C675B7A1A4731F3FF05E29 /* Project object */;
}
